github.com/davecgh/go-spew v1.1.1 h1:vj9j/u1bqnvCEfJOwUhtlOARqs3+rkHYY13jYWTU97c=
github.com/davecgh/go-spew v1.1.1/go.mod h1:J7Y8YcW2NihsgmVo/mv3lAwl/skON4iLHjSsI+c5H38=
github.com/muzudho/go-logger v0.0.0-20210303161105-701feda94d31 h1:0j3qMONok/aRmhmaU2C1XVRGXgUP4ua7FBM8Dat/iOg=
github.com/muzudho/go-logger v0.0.0-20210303161105-701feda94d31/go.mod h1:+wyNvpn09fMB0AnZMZIlIl6kZA34ypAKUPkEmo7LCrE=
github.com/pelletier/go-toml v1.8.1 h1:1Nf83orprkJyknT6h7zbuEGUEjcyVlCxSUGTENmNCRM=
github.com/pelletier/go-toml v1.8.1/go.mod h1:T2/BmBdy8dvIRq1a/8aqjN41wvWlN4lrapLU/GW4pbc=
